
Microsoft Visual Studio Solution File, Format Version 12.00
# Visual Studio 15
VisualStudioVersion = 15.0.28307.168
MinimumVisualStudioVersion = 10.0.40219.1
Project("{FAE04EC0-301F-11D3-BF4B-00C04F79EFBC}") = "ObserverDesignPattern", "ObserverDesingPattern\ObserverDesignPattern.csproj", "{DA136FF3-C2AF-4739-88C1-D79144E5CA73}"
EndProject
Global
	GlobalSection(SolutionConfigurationPlatforms) = preSolution
		Debug|Any CPU = Debug|Any CPU
		Release|Any CPU = Release|Any CPU
	EndGlobalSection
	GlobalSection(ProjectConfigurationPlatforms) = postSolution
		{DA136FF3-C2AF-4739-88C1-D79144E5CA73}.Debug|Any CPU.ActiveCfg = Debug|Any CPU
		{DA136FF3-C2AF-4739-88C1-D79144E5CA73}.Debug|Any CPU.Build.0 = Debug|Any CPU
		{DA136FF3-C2AF-4739-88C1-D79144E5CA73}.Release|Any CPU.ActiveCfg = Release|Any CPU
		{DA136FF3-C2AF-4739-88C1-D79144E5CA73}.Release|Any CPU.Build.0 = Release|Any CPU
	EndGlobalSection
	GlobalSection(SolutionProperties) = preSolution
		HideSolutionNode = FALSE
	EndGlobalSection
	GlobalSection(ExtensibilityGlobals) = postSolution
		SolutionGuid = {74701082-182B-4522-AE10-EE1BA5ADFEF1}
	EndGlobalSection
EndGlobal
